# This file is generated by running "yarn install" inside your project.
# Manual changes might be lost - proceed with caution!

__metadata:
  version: 6

"muff-task-manager-backend@workspace:.":
  version: 0.0.0-use.local
  resolution: "muff-task-manager-backend@workspace:."
  languageName: unknown
  linkType: soft
